// !$*UTF8*$!
{
	archiveVersion = 1;
	classes = {
	};
	objectVersion = 46;
	objects = {

/* Begin PBXBuildFile section */
		440C7BE71EE8CABC0050C90A /* ResultView.swift in Sources */ = {isa = PBXBuildFile; fileRef = 440C7BE61EE8CABC0050C90A /* ResultView.swift */; };
		440C7BE91EE8CBF70050C90A /* ResultView.xib in Resources */ = {isa = PBXBuildFile; fileRef = 440C7BE81EE8CBF70050C90A /* ResultView.xib */; };
		442A8AF61EE9D7E100D12A60 /* APIKit.framework in Frameworks */ = {isa = PBXBuildFile; fileRef = 442A8AF31EE9D7E100D12A60 /* APIKit.framework */; };
		442A8AF71EE9D7E100D12A60 /* Himotoki.framework in Frameworks */ = {isa = PBXBuildFile; fileRef = 442A8AF41EE9D7E100D12A60 /* Himotoki.framework */; };
		442A8AF81EE9D7E100D12A60 /* Result.framework in Frameworks */ = {isa = PBXBuildFile; fileRef = 442A8AF51EE9D7E100D12A60 /* Result.framework */; };
		44483C141F2AF82A009DAC5B /* DiscoverManager.swift in Sources */ = {isa = PBXBuildFile; fileRef = 44483C131F2AF82A009DAC5B /* DiscoverManager.swift */; };
		44547B741F27A64600FB493B /* MovieListViewController.swift in Sources */ = {isa = PBXBuildFile; fileRef = 44547B731F27A64600FB493B /* MovieListViewController.swift */; };
		44547B781F27BFE800FB493B /* DetailedMovie.swift in Sources */ = {isa = PBXBuildFile; fileRef = 44547B771F27BFE800FB493B /* DetailedMovie.swift */; };
		44547B821F27C69200FB493B /* MovieDetailManager.swift in Sources */ = {isa = PBXBuildFile; fileRef = 44547B811F27C69200FB493B /* MovieDetailManager.swift */; };
		44547B841F28761C00FB493B /* SearchedMovie.swift in Sources */ = {isa = PBXBuildFile; fileRef = 44547B831F28761C00FB493B /* SearchedMovie.swift */; };
		44547B861F2876FC00FB493B /* MovieSearchManager.swift in Sources */ = {isa = PBXBuildFile; fileRef = 44547B851F2876FC00FB493B /* MovieSearchManager.swift */; };
		44547B881F28775200FB493B /* TMDbRequest.swift in Sources */ = {isa = PBXBuildFile; fileRef = 44547B871F28775200FB493B /* TMDbRequest.swift */; };
		4459C2591EEF6CBE00E963D8 /* TypeSafeUtil.swift in Sources */ = {isa = PBXBuildFile; fileRef = 4459C2581EEF6CBE00E963D8 /* TypeSafeUtil.swift */; };
		445AFB2A1F2D1882008061F5 /* TabBarController.swift in Sources */ = {isa = PBXBuildFile; fileRef = 445AFB291F2D1882008061F5 /* TabBarController.swift */; };
		445C36991F26707900B7D920 /* Helper.swift in Sources */ = {isa = PBXBuildFile; fileRef = 445C36951F26707900B7D920 /* Helper.swift */; };
		445C369A1F26707900B7D920 /* WelcomeViewController.swift in Sources */ = {isa = PBXBuildFile; fileRef = 445C36961F26707900B7D920 /* WelcomeViewController.swift */; };
		445C369B1F26707900B7D920 /* WelcomeViewControllerCell.swift in Sources */ = {isa = PBXBuildFile; fileRef = 445C36971F26707900B7D920 /* WelcomeViewControllerCell.swift */; };
		445C369C1F26707900B7D920 /* CollectionViewCell.swift in Sources */ = {isa = PBXBuildFile; fileRef = 445C36981F26707900B7D920 /* CollectionViewCell.swift */; };
		445C369E1F2670F600B7D920 /* Main.storyboard in Resources */ = {isa = PBXBuildFile; fileRef = 445C369D1F2670F600B7D920 /* Main.storyboard */; };
		445C36A01F267F4900B7D920 /* Memo.txt in Resources */ = {isa = PBXBuildFile; fileRef = 445C369F1F267F4900B7D920 /* Memo.txt */; };
		44743A851F2E91A00062DA03 /* PersonTableViewCell.swift in Sources */ = {isa = PBXBuildFile; fileRef = 44743A841F2E91A00062DA03 /* PersonTableViewCell.swift */; };
		447476121EF21D7600455293 /* LaunchScreen.storyboard in Resources */ = {isa = PBXBuildFile; fileRef = 4474760F1EF21D7600455293 /* LaunchScreen.storyboard */; };
		447968331F2BD1230091ACD1 /* Errors.swift in Sources */ = {isa = PBXBuildFile; fileRef = 447968321F2BD1230091ACD1 /* Errors.swift */; };
		4479683D1F2C5E760091ACD1 /* ViewControllerExtension.swift in Sources */ = {isa = PBXBuildFile; fileRef = 4479683C1F2C5E760091ACD1 /* ViewControllerExtension.swift */; };
		447968421F2C60C50091ACD1 /* Montserrat-Regular.ttf in Resources */ = {isa = PBXBuildFile; fileRef = 447968401F2C60A40091ACD1 /* Montserrat-Regular.ttf */; };
		448841CB1EEB53F0006758B7 /* Kingfisher.framework in Frameworks */ = {isa = PBXBuildFile; fileRef = 448841CA1EEB53F0006758B7 /* Kingfisher.framework */; };
		448B66DB1F293E4B0002833B /* RealmSwift.framework in Frameworks */ = {isa = PBXBuildFile; fileRef = 448B66D91F293E4B0002833B /* RealmSwift.framework */; };
		448B66DC1F293E4B0002833B /* Realm.framework in Frameworks */ = {isa = PBXBuildFile; fileRef = 448B66DA1F293E4B0002833B /* Realm.framework */; };
		448B66DF1F2942CE0002833B /* MovieDetailViewController.swift in Sources */ = {isa = PBXBuildFile; fileRef = 448B66DE1F2942CE0002833B /* MovieDetailViewController.swift */; };
		44982C8A1F030F19007B9EAA /* DetailPagebackGroundView.swift in Sources */ = {isa = PBXBuildFile; fileRef = 44982C891F030F19007B9EAA /* DetailPagebackGroundView.swift */; };
		4498B87D1EF32F3B00D19F6F /* Settings.bundle in Resources */ = {isa = PBXBuildFile; fileRef = 44A220E51EF1BC42004D9E8C /* Settings.bundle */; };
		44C0F6731EFC5CF2008D575C /* SystemConfiguration.framework in Frameworks */ = {isa = PBXBuildFile; fileRef = 44C0F6721EFC5CF2008D575C /* SystemConfiguration.framework */; };
		44D943141EE22865004EF6A3 /* AppDelegate.swift in Sources */ = {isa = PBXBuildFile; fileRef = 44D943131EE22865004EF6A3 /* AppDelegate.swift */; };
		44E3BE3B1EE713F000466CF5 /* Quicksand-Regular.ttf in Resources */ = {isa = PBXBuildFile; fileRef = 44E3BE3A1EE7127C00466CF5 /* Quicksand-Regular.ttf */; };
		44E3BE441EE73BB100466CF5 /* SearchView.swift in Sources */ = {isa = PBXBuildFile; fileRef = 44E3BE431EE73BB100466CF5 /* SearchView.swift */; };
		44E3BE491EE7C12100466CF5 /* TableViewCell.swift in Sources */ = {isa = PBXBuildFile; fileRef = 44E3BE471EE7C12100466CF5 /* TableViewCell.swift */; };
		44E3BE4A1EE7C12100466CF5 /* TableViewCell.xib in Resources */ = {isa = PBXBuildFile; fileRef = 44E3BE481EE7C12100466CF5 /* TableViewCell.xib */; };
		44ECFDFF1EF5E9D6008F8BA2 /* APIkey.swift in Sources */ = {isa = PBXBuildFile; fileRef = 44ECFDFE1EF5E9D6008F8BA2 /* APIkey.swift */; };
		4902FD941EF4A77900ED50A9 /* Assets.xcassets in Resources */ = {isa = PBXBuildFile; fileRef = 4902FD931EF4A77900ED50A9 /* Assets.xcassets */; };
/* End PBXBuildFile section */

/* Begin PBXFileReference section */
		440C7BE31EE89F800050C90A /* Pastel.framework */ = {isa = PBXFileReference; lastKnownFileType = wrapper.framework; name = Pastel.framework; path = Carthage/Build/iOS/Pastel.framework; sourceTree = "<group>"; };
		440C7BE61EE8CABC0050C90A /* ResultView.swift */ = {isa = PBXFileReference; fileEncoding = 4; lastKnownFileType = sourcecode.swift; path = ResultView.swift; sourceTree = "<group>"; };
		440C7BE81EE8CBF70050C90A /* ResultView.xib */ = {isa = PBXFileReference; fileEncoding = 4; lastKnownFileType = file.xib; path = ResultView.xib; sourceTree = "<group>"; };
		442A8AF31EE9D7E100D12A60 /* APIKit.framework */ = {isa = PBXFileReference; lastKnownFileType = wrapper.framework; name = APIKit.framework; path = Carthage/Build/iOS/APIKit.framework; sourceTree = "<group>"; };
		442A8AF41EE9D7E100D12A60 /* Himotoki.framework */ = {isa = PBXFileReference; lastKnownFileType = wrapper.framework; name = Himotoki.framework; path = Carthage/Build/iOS/Himotoki.framework; sourceTree = "<group>"; };
		442A8AF51EE9D7E100D12A60 /* Result.framework */ = {isa = PBXFileReference; lastKnownFileType = wrapper.framework; name = Result.framework; path = Carthage/Build/iOS/Result.framework; sourceTree = "<group>"; };
		44483C131F2AF82A009DAC5B /* DiscoverManager.swift */ = {isa = PBXFileReference; fileEncoding = 4; lastKnownFileType = sourcecode.swift; path = DiscoverManager.swift; sourceTree = "<group>"; };
		44547B731F27A64600FB493B /* MovieListViewController.swift */ = {isa = PBXFileReference; fileEncoding = 4; lastKnownFileType = sourcecode.swift; path = MovieListViewController.swift; sourceTree = "<group>"; };
		44547B771F27BFE800FB493B /* DetailedMovie.swift */ = {isa = PBXFileReference; fileEncoding = 4; lastKnownFileType = sourcecode.swift; path = DetailedMovie.swift; sourceTree = "<group>"; };
		44547B811F27C69200FB493B /* MovieDetailManager.swift */ = {isa = PBXFileReference; fileEncoding = 4; lastKnownFileType = sourcecode.swift; path = MovieDetailManager.swift; sourceTree = "<group>"; };
		44547B831F28761C00FB493B /* SearchedMovie.swift */ = {isa = PBXFileReference; fileEncoding = 4; lastKnownFileType = sourcecode.swift; path = SearchedMovie.swift; sourceTree = "<group>"; };
		44547B851F2876FC00FB493B /* MovieSearchManager.swift */ = {isa = PBXFileReference; fileEncoding = 4; lastKnownFileType = sourcecode.swift; path = MovieSearchManager.swift; sourceTree = "<group>"; };
		44547B871F28775200FB493B /* TMDbRequest.swift */ = {isa = PBXFileReference; fileEncoding = 4; lastKnownFileType = sourcecode.swift; path = TMDbRequest.swift; sourceTree = "<group>"; };
		4459C2581EEF6CBE00E963D8 /* TypeSafeUtil.swift */ = {isa = PBXFileReference; fileEncoding = 4; lastKnownFileType = sourcecode.swift; path = TypeSafeUtil.swift; sourceTree = "<group>"; };
		445AFB291F2D1882008061F5 /* TabBarController.swift */ = {isa = PBXFileReference; fileEncoding = 4; lastKnownFileType = sourcecode.swift; path = TabBarController.swift; sourceTree = "<group>"; };
		445C36951F26707900B7D920 /* Helper.swift */ = {isa = PBXFileReference; fileEncoding = 4; lastKnownFileType = sourcecode.swift; path = Helper.swift; sourceTree = "<group>"; };
		445C36961F26707900B7D920 /* WelcomeViewController.swift */ = {isa = PBXFileReference; fileEncoding = 4; lastKnownFileType = sourcecode.swift; path = WelcomeViewController.swift; sourceTree = "<group>"; };
		445C36971F26707900B7D920 /* WelcomeViewControllerCell.swift */ = {isa = PBXFileReference; fileEncoding = 4; lastKnownFileType = sourcecode.swift; path = WelcomeViewControllerCell.swift; sourceTree = "<group>"; };
		445C36981F26707900B7D920 /* CollectionViewCell.swift */ = {isa = PBXFileReference; fileEncoding = 4; lastKnownFileType = sourcecode.swift; path = CollectionViewCell.swift; sourceTree = "<group>"; };
		445C369D1F2670F600B7D920 /* Main.storyboard */ = {isa = PBXFileReference; fileEncoding = 4; lastKnownFileType = file.storyboard; path = Main.storyboard; sourceTree = "<group>"; };
		445C369F1F267F4900B7D920 /* Memo.txt */ = {isa = PBXFileReference; fileEncoding = 4; lastKnownFileType = text; path = Memo.txt; sourceTree = "<group>"; };
		44743A841F2E91A00062DA03 /* PersonTableViewCell.swift */ = {isa = PBXFileReference; fileEncoding = 4; lastKnownFileType = sourcecode.swift; path = PersonTableViewCell.swift; sourceTree = "<group>"; };
		4474760F1EF21D7600455293 /* LaunchScreen.storyboard */ = {isa = PBXFileReference; fileEncoding = 4; lastKnownFileType = file.storyboard; path = LaunchScreen.storyboard; sourceTree = "<group>"; };
		447968321F2BD1230091ACD1 /* Errors.swift */ = {isa = PBXFileReference; fileEncoding = 4; lastKnownFileType = sourcecode.swift; path = Errors.swift; sourceTree = "<group>"; };
		4479683C1F2C5E760091ACD1 /* ViewControllerExtension.swift */ = {isa = PBXFileReference; fileEncoding = 4; lastKnownFileType = sourcecode.swift; path = ViewControllerExtension.swift; sourceTree = "<group>"; };
		447968401F2C60A40091ACD1 /* Montserrat-Regular.ttf */ = {isa = PBXFileReference; lastKnownFileType = file; path = "Montserrat-Regular.ttf"; sourceTree = "<group>"; };
		448841CA1EEB53F0006758B7 /* Kingfisher.framework */ = {isa = PBXFileReference; lastKnownFileType = wrapper.framework; name = Kingfisher.framework; path = Carthage/Build/iOS/Kingfisher.framework; sourceTree = "<group>"; };
		448B66D91F293E4B0002833B /* RealmSwift.framework */ = {isa = PBXFileReference; lastKnownFileType = wrapper.framework; name = RealmSwift.framework; path = Carthage/Build/iOS/RealmSwift.framework; sourceTree = "<group>"; };
		448B66DA1F293E4B0002833B /* Realm.framework */ = {isa = PBXFileReference; lastKnownFileType = wrapper.framework; name = Realm.framework; path = Carthage/Build/iOS/Realm.framework; sourceTree = "<group>"; };
		448B66DE1F2942CE0002833B /* MovieDetailViewController.swift */ = {isa = PBXFileReference; fileEncoding = 4; lastKnownFileType = sourcecode.swift; path = MovieDetailViewController.swift; sourceTree = "<group>"; };
		44982C891F030F19007B9EAA /* DetailPagebackGroundView.swift */ = {isa = PBXFileReference; fileEncoding = 4; lastKnownFileType = sourcecode.swift; path = DetailPagebackGroundView.swift; sourceTree = "<group>"; };
		44A220E51EF1BC42004D9E8C /* Settings.bundle */ = {isa = PBXFileReference; lastKnownFileType = "wrapper.plug-in"; name = Settings.bundle; path = ../Settings.bundle; sourceTree = "<group>"; };
		44C0F6721EFC5CF2008D575C /* SystemConfiguration.framework */ = {isa = PBXFileReference; lastKnownFileType = wrapper.framework; name = SystemConfiguration.framework; path = System/Library/Frameworks/SystemConfiguration.framework; sourceTree = SDKROOT; };
		44D943101EE22865004EF6A3 /* MovieSanctuary.app */ = {isa = PBXFileReference; explicitFileType = wrapper.application; includeInIndex = 0; path = MovieSanctuary.app; sourceTree = BUILT_PRODUCTS_DIR; };
		44D943131EE22865004EF6A3 /* AppDelegate.swift */ = {isa = PBXFileReference; lastKnownFileType = sourcecode.swift; path = AppDelegate.swift; sourceTree = "<group>"; };
		44D9431F1EE22865004EF6A3 /* Info.plist */ = {isa = PBXFileReference; lastKnownFileType = text.plist.xml; path = Info.plist; sourceTree = "<group>"; };
		44E3BE3A1EE7127C00466CF5 /* Quicksand-Regular.ttf */ = {isa = PBXFileReference; lastKnownFileType = file; path = "Quicksand-Regular.ttf"; sourceTree = "<group>"; };
		44E3BE431EE73BB100466CF5 /* SearchView.swift */ = {isa = PBXFileReference; fileEncoding = 4; lastKnownFileType = sourcecode.swift; path = SearchView.swift; sourceTree = "<group>"; };
		44E3BE471EE7C12100466CF5 /* TableViewCell.swift */ = {isa = PBXFileReference; fileEncoding = 4; lastKnownFileType = sourcecode.swift; path = TableViewCell.swift; sourceTree = "<group>"; };
		44E3BE481EE7C12100466CF5 /* TableViewCell.xib */ = {isa = PBXFileReference; fileEncoding = 4; lastKnownFileType = file.xib; path = TableViewCell.xib; sourceTree = "<group>"; };
		44ECFDFE1EF5E9D6008F8BA2 /* APIkey.swift */ = {isa = PBXFileReference; fileEncoding = 4; lastKnownFileType = sourcecode.swift; path = APIkey.swift; sourceTree = "<group>"; };
		4902FD931EF4A77900ED50A9 /* Assets.xcassets */ = {isa = PBXFileReference; lastKnownFileType = folder.assetcatalog; path = Assets.xcassets; sourceTree = "<group>"; };
/* End PBXFileReference section */

/* Begin PBXFrameworksBuildPhase section */
		44D9430D1EE22865004EF6A3 /* Frameworks */ = {
			isa = PBXFrameworksBuildPhase;
			buildActionMask = 2147483647;
			files = (
				448B66DB1F293E4B0002833B /* RealmSwift.framework in Frameworks */,
				448B66DC1F293E4B0002833B /* Realm.framework in Frameworks */,
				44C0F6731EFC5CF2008D575C /* SystemConfiguration.framework in Frameworks */,
				448841CB1EEB53F0006758B7 /* Kingfisher.framework in Frameworks */,
				442A8AF61EE9D7E100D12A60 /* APIKit.framework in Frameworks */,
				442A8AF71EE9D7E100D12A60 /* Himotoki.framework in Frameworks */,
				442A8AF81EE9D7E100D12A60 /* Result.framework in Frameworks */,
			);
			runOnlyForDeploymentPostprocessing = 0;
		};
/* End PBXFrameworksBuildPhase section */

/* Begin PBXGroup section */
		440C7BE21EE89F800050C90A /* Frameworks */ = {
			isa = PBXGroup;
			children = (
				448B66D91F293E4B0002833B /* RealmSwift.framework */,
				448B66DA1F293E4B0002833B /* Realm.framework */,
				44C0F6721EFC5CF2008D575C /* SystemConfiguration.framework */,
				448841CA1EEB53F0006758B7 /* Kingfisher.framework */,
				442A8AF31EE9D7E100D12A60 /* APIKit.framework */,
				442A8AF41EE9D7E100D12A60 /* Himotoki.framework */,
				442A8AF51EE9D7E100D12A60 /* Result.framework */,
				440C7BE31EE89F800050C90A /* Pastel.framework */,
			);
			name = Frameworks;
			sourceTree = "<group>";
		};
		44483C0F1F2ADAF5009DAC5B /* movie/ */ = {
			isa = PBXGroup;
			children = (
				44547B811F27C69200FB493B /* MovieDetailManager.swift */,
			);
			name = movie/;
			sourceTree = "<group>";
		};
		44483C121F2AF7A7009DAC5B /* discover */ = {
			isa = PBXGroup;
			children = (
				44483C131F2AF82A009DAC5B /* DiscoverManager.swift */,
			);
			name = discover;
			sourceTree = "<group>";
		};
		44547B711F27A49C00FB493B /* Neo */ = {
			isa = PBXGroup;
			children = (
				44D943131EE22865004EF6A3 /* AppDelegate.swift */,
				445AFB291F2D1882008061F5 /* TabBarController.swift */,
				4479683C1F2C5E760091ACD1 /* ViewControllerExtension.swift */,
				445C369D1F2670F600B7D920 /* Main.storyboard */,
				447968311F2BD10C0091ACD1 /* Error */,
				44547B7B1F27C22A00FB493B /* APIManager */,
				44547B761F27BFD600FB493B /* POJO */,
				445C368A1F266FA600B7D920 /* Welcome VC */,
				44547B721F27A62B00FB493B /* MovieList VC */,
				448B66DD1F29427B0002833B /* MovieDetail VC */,
			);
			name = Neo;
			sourceTree = "<group>";
		};
		44547B721F27A62B00FB493B /* MovieList VC */ = {
			isa = PBXGroup;
			children = (
				44547B731F27A64600FB493B /* MovieListViewController.swift */,
			);
			name = "MovieList VC";
			sourceTree = "<group>";
		};
		44547B761F27BFD600FB493B /* POJO */ = {
			isa = PBXGroup;
			children = (
				44547B831F28761C00FB493B /* SearchedMovie.swift */,
				44547B771F27BFE800FB493B /* DetailedMovie.swift */,
			);
			name = POJO;
			sourceTree = "<group>";
		};
		44547B7B1F27C22A00FB493B /* APIManager */ = {
			isa = PBXGroup;
			children = (
				44547B871F28775200FB493B /* TMDbRequest.swift */,
				44483C121F2AF7A7009DAC5B /* discover */,
				44483C0F1F2ADAF5009DAC5B /* movie/ */,
				44547B7D1F27C62300FB493B /* search/ */,
			);
			name = APIManager;
			sourceTree = "<group>";
		};
		44547B7D1F27C62300FB493B /* search/ */ = {
			isa = PBXGroup;
			children = (
				44547B851F2876FC00FB493B /* MovieSearchManager.swift */,
			);
			name = search/;
			sourceTree = "<group>";
		};
		445C368A1F266FA600B7D920 /* Welcome VC */ = {
			isa = PBXGroup;
			children = (
				445C369F1F267F4900B7D920 /* Memo.txt */,
				445C36951F26707900B7D920 /* Helper.swift */,
				445C36971F26707900B7D920 /* WelcomeViewControllerCell.swift */,
				445C36981F26707900B7D920 /* CollectionViewCell.swift */,
				445C36961F26707900B7D920 /* WelcomeViewController.swift */,
			);
			name = "Welcome VC";
			sourceTree = "<group>";
		};
		447968311F2BD10C0091ACD1 /* Error */ = {
			isa = PBXGroup;
			children = (
				447968321F2BD1230091ACD1 /* Errors.swift */,
			);
			name = Error;
			sourceTree = "<group>";
		};
		4479683E1F2C608E0091ACD1 /* Fonts */ = {
			isa = PBXGroup;
			children = (
				44E3BE3A1EE7127C00466CF5 /* Quicksand-Regular.ttf */,
				447968401F2C60A40091ACD1 /* Montserrat-Regular.ttf */,
			);
			name = Fonts;
			sourceTree = "<group>";
		};
		448B66DD1F29427B0002833B /* MovieDetail VC */ = {
			isa = PBXGroup;
			children = (
				44743A841F2E91A00062DA03 /* PersonTableViewCell.swift */,
				448B66DE1F2942CE0002833B /* MovieDetailViewController.swift */,
			);
			name = "MovieDetail VC";
			sourceTree = "<group>";
		};
		44D943071EE22865004EF6A3 = {
			isa = PBXGroup;
			children = (
				44D943121EE22865004EF6A3 /* MovieSanctuary */,
				44D943111EE22865004EF6A3 /* Products */,
				440C7BE21EE89F800050C90A /* Frameworks */,
			);
			sourceTree = "<group>";
		};
		44D943111EE22865004EF6A3 /* Products */ = {
			isa = PBXGroup;
			children = (
				44D943101EE22865004EF6A3 /* MovieSanctuary.app */,
			);
			name = Products;
			sourceTree = "<group>";
		};
		44D943121EE22865004EF6A3 /* MovieSanctuary */ = {
			isa = PBXGroup;
			children = (
				4474760F1EF21D7600455293 /* LaunchScreen.storyboard */,
				44D9431F1EE22865004EF6A3 /* Info.plist */,
				4902FD931EF4A77900ED50A9 /* Assets.xcassets */,
				44E3BE391EE7124700466CF5 /* Resources */,
				44E3BE4E1EE7F44000466CF5 /* Views */,
				44547B711F27A49C00FB493B /* Neo */,
			);
			path = MovieSanctuary;
			sourceTree = "<group>";
		};
		44E3BE391EE7124700466CF5 /* Resources */ = {
			isa = PBXGroup;
			children = (
				4479683E1F2C608E0091ACD1 /* Fonts */,
				44E3BE4D1EE7F42F00466CF5 /* Nib */,
				44A220E51EF1BC42004D9E8C /* Settings.bundle */,
				44ECFDFE1EF5E9D6008F8BA2 /* APIkey.swift */,
			);
			path = Resources;
			sourceTree = "<group>";
		};
		44E3BE4D1EE7F42F00466CF5 /* Nib */ = {
			isa = PBXGroup;
			children = (
				4459C2581EEF6CBE00E963D8 /* TypeSafeUtil.swift */,
				440C7BE81EE8CBF70050C90A /* ResultView.xib */,
				44E3BE481EE7C12100466CF5 /* TableViewCell.xib */,
			);
			path = Nib;
			sourceTree = "<group>";
		};
		44E3BE4E1EE7F44000466CF5 /* Views */ = {
			isa = PBXGroup;
			children = (
				44E3BE431EE73BB100466CF5 /* SearchView.swift */,
				440C7BE61EE8CABC0050C90A /* ResultView.swift */,
				44E3BE471EE7C12100466CF5 /* TableViewCell.swift */,
				44982C891F030F19007B9EAA /* DetailPagebackGroundView.swift */,
			);
			path = Views;
			sourceTree = "<group>";
		};
/* End PBXGroup section */

/* Begin PBXNativeTarget section */
		44D9430F1EE22865004EF6A3 /* MovieSanctuary */ = {
			isa = PBXNativeTarget;
			buildConfigurationList = 44D943221EE22865004EF6A3 /* Build configuration list for PBXNativeTarget "MovieSanctuary" */;
			buildPhases = (
				44D9430C1EE22865004EF6A3 /* Sources */,
				44D9430D1EE22865004EF6A3 /* Frameworks */,
				44D9430E1EE22865004EF6A3 /* Resources */,
				440C7BE51EE89F8E0050C90A /* ShellScript */,
			);
			buildRules = (
			);
			dependencies = (
			);
			name = MovieSanctuary;
			productName = MovieSanctuary;
			productReference = 44D943101EE22865004EF6A3 /* MovieSanctuary.app */;
			productType = "com.apple.product-type.application";
		};
/* End PBXNativeTarget section */

/* Begin PBXProject section */
		44D943081EE22865004EF6A3 /* Project object */ = {
			isa = PBXProject;
			attributes = {
				LastSwiftUpdateCheck = 0830;
				LastUpgradeCheck = 0830;
				ORGANIZATIONNAME = masa;
				TargetAttributes = {
					44D9430F1EE22865004EF6A3 = {
						CreatedOnToolsVersion = 8.3.2;
						ProvisioningStyle = Automatic;
					};
				};
			};
			buildConfigurationList = 44D9430B1EE22865004EF6A3 /* Build configuration list for PBXProject "MovieSanctuary" */;
			compatibilityVersion = "Xcode 3.2";
			developmentRegion = English;
			hasScannedForEncodings = 0;
			knownRegions = (
				en,
				Base,
			);
			mainGroup = 44D943071EE22865004EF6A3;
			productRefGroup = 44D943111EE22865004EF6A3 /* Products */;
			projectDirPath = "";
			projectRoot = "";
			targets = (
				44D9430F1EE22865004EF6A3 /* MovieSanctuary */,
			);
		};
/* End PBXProject section */

/* Begin PBXResourcesBuildPhase section */
		44D9430E1EE22865004EF6A3 /* Resources */ = {
			isa = PBXResourcesBuildPhase;
			buildActionMask = 2147483647;
			files = (
				44E3BE3B1EE713F000466CF5 /* Quicksand-Regular.ttf in Resources */,
				447968421F2C60C50091ACD1 /* Montserrat-Regular.ttf in Resources */,
				445C36A01F267F4900B7D920 /* Memo.txt in Resources */,
				447476121EF21D7600455293 /* LaunchScreen.storyboard in Resources */,
				44E3BE4A1EE7C12100466CF5 /* TableViewCell.xib in Resources */,
				440C7BE91EE8CBF70050C90A /* ResultView.xib in Resources */,
				445C369E1F2670F600B7D920 /* Main.storyboard in Resources */,
				4498B87D1EF32F3B00D19F6F /* Settings.bundle in Resources */,
				4902FD941EF4A77900ED50A9 /* Assets.xcassets in Resources */,
			);
			runOnlyForDeploymentPostprocessing = 0;
		};
/* End PBXResourcesBuildPhase section */

/* Begin PBXShellScriptBuildPhase section */
		440C7BE51EE89F8E0050C90A /* ShellScript */ = {
			isa = PBXShellScriptBuildPhase;
			buildActionMask = 2147483647;
			files = (
			);
			inputPaths = (
				"$(SRCROOT)/Carthage/Build/iOS/Pastel.framework",
				"$(SRCROOT)/Carthage/Build/iOS/APIKit.framework",
				"$(SRCROOT)/Carthage/Build/iOS/Result.framework",
				"$(SRCROOT)/Carthage/Build/iOS/Himotoki.framework",
				"$(SRCROOT)/Carthage/Build/iOS/Kingfisher.framework",
				"$(SRCROOT)/Carthage/Build/iOS/Realm.framework",
				"$(SRCROOT)/Carthage/Build/iOS/RealmSwift.framework",
			);
			outputPaths = (
			);
			runOnlyForDeploymentPostprocessing = 0;
			shellPath = /bin/sh;
			shellScript = "/usr/local/bin/carthage copy-frameworks";
		};
/* End PBXShellScriptBuildPhase section */

/* Begin PBXSourcesBuildPhase section */
		44D9430C1EE22865004EF6A3 /* Sources */ = {
			isa = PBXSourcesBuildPhase;
			buildActionMask = 2147483647;
			files = (
				44547B821F27C69200FB493B /* MovieDetailManager.swift in Sources */,
				44ECFDFF1EF5E9D6008F8BA2 /* APIkey.swift in Sources */,
				4479683D1F2C5E760091ACD1 /* ViewControllerExtension.swift in Sources */,
				445C369C1F26707900B7D920 /* CollectionViewCell.swift in Sources */,
				445C369A1F26707900B7D920 /* WelcomeViewController.swift in Sources */,
				44743A851F2E91A00062DA03 /* PersonTableViewCell.swift in Sources */,
				447968331F2BD1230091ACD1 /* Errors.swift in Sources */,
				44547B741F27A64600FB493B /* MovieListViewController.swift in Sources */,
				44E3BE491EE7C12100466CF5 /* TableViewCell.swift in Sources */,
				44547B781F27BFE800FB493B /* DetailedMovie.swift in Sources */,
				44483C141F2AF82A009DAC5B /* DiscoverManager.swift in Sources */,
				44E3BE441EE73BB100466CF5 /* SearchView.swift in Sources */,
				44547B841F28761C00FB493B /* SearchedMovie.swift in Sources */,
				445C36991F26707900B7D920 /* Helper.swift in Sources */,
				445AFB2A1F2D1882008061F5 /* TabBarController.swift in Sources */,
				448B66DF1F2942CE0002833B /* MovieDetailViewController.swift in Sources */,
				44547B881F28775200FB493B /* TMDbRequest.swift in Sources */,
				4459C2591EEF6CBE00E963D8 /* TypeSafeUtil.swift in Sources */,
				440C7BE71EE8CABC0050C90A /* ResultView.swift in Sources */,
				44D943141EE22865004EF6A3 /* AppDelegate.swift in Sources */,
				44547B861F2876FC00FB493B /* MovieSearchManager.swift in Sources */,
				44982C8A1F030F19007B9EAA /* DetailPagebackGroundView.swift in Sources */,
				445C369B1F26707900B7D920 /* WelcomeViewControllerCell.swift in Sources */,
			);
			runOnlyForDeploymentPostprocessing = 0;
		};
/* End PBXSourcesBuildPhase section */

/* Begin XCBuildConfiguration section */
		44D943201EE22865004EF6A3 /* Debug */ = {
			isa = XCBuildConfiguration;
			buildSettings = {
				ALWAYS_SEARCH_USER_PATHS = NO;
				CLANG_ANALYZER_NONNULL = YES;
				CLANG_ANALYZER_NUMBER_OBJECT_CONVERSION = YES_AGGRESSIVE;
				CLANG_CXX_LANGUAGE_STANDARD = "gnu++0x";
				CLANG_CXX_LIBRARY = "libc++";
				CLANG_ENABLE_MODULES = YES;
				CLANG_ENABLE_OBJC_ARC = YES;
				CLANG_WARN_BOOL_CONVERSION = YES;
				CLANG_WARN_CONSTANT_CONVERSION = YES;
				CLANG_WARN_DIRECT_OBJC_ISA_USAGE = YES_ERROR;
				CLANG_WARN_DOCUMENTATION_COMMENTS = YES;
				CLANG_WARN_EMPTY_BODY = YES;
				CLANG_WARN_ENUM_CONVERSION = YES;
				CLANG_WARN_INFINITE_RECURSION = YES;
				CLANG_WARN_INT_CONVERSION = YES;
				CLANG_WARN_OBJC_ROOT_CLASS = YES_ERROR;
				CLANG_WARN_SUSPICIOUS_MOVE = YES;
				CLANG_WARN_UNREACHABLE_CODE = YES;
				CLANG_WARN__DUPLICATE_METHOD_MATCH = YES;
				"CODE_SIGN_IDENTITY[sdk=iphoneos*]" = "iPhone Developer";
				COPY_PHASE_STRIP = NO;
				DEBUG_INFORMATION_FORMAT = dwarf;
				ENABLE_STRICT_OBJC_MSGSEND = YES;
				ENABLE_TESTABILITY = YES;
				GCC_C_LANGUAGE_STANDARD = gnu99;
				GCC_DYNAMIC_NO_PIC = NO;
				GCC_NO_COMMON_BLOCKS = YES;
				GCC_OPTIMIZATION_LEVEL = 0;
				GCC_PREPROCESSOR_DEFINITIONS = (
					"DEBUG=1",
					"$(inherited)",
				);
				GCC_WARN_64_TO_32_BIT_CONVERSION = YES;
				GCC_WARN_ABOUT_RETURN_TYPE = YES_ERROR;
				GCC_WARN_UNDECLARED_SELECTOR = YES;
				GCC_WARN_UNINITIALIZED_AUTOS = YES_AGGRESSIVE;
				GCC_WARN_UNUSED_FUNCTION = YES;
				GCC_WARN_UNUSED_VARIABLE = YES;
				IPHONEOS_DEPLOYMENT_TARGET = 10.3;
				MTL_ENABLE_DEBUG_INFO = YES;
				ONLY_ACTIVE_ARCH = YES;
				SDKROOT = iphoneos;
				SWIFT_ACTIVE_COMPILATION_CONDITIONS = DEBUG;
				SWIFT_OPTIMIZATION_LEVEL = "-Onone";
			};
			name = Debug;
		};
		44D943211EE22865004EF6A3 /* Release */ = {
			isa = XCBuildConfiguration;
			buildSettings = {
				ALWAYS_SEARCH_USER_PATHS = NO;
				CLANG_ANALYZER_NONNULL = YES;
				CLANG_ANALYZER_NUMBER_OBJECT_CONVERSION = YES_AGGRESSIVE;
				CLANG_CXX_LANGUAGE_STANDARD = "gnu++0x";
				CLANG_CXX_LIBRARY = "libc++";
				CLANG_ENABLE_MODULES = YES;
				CLANG_ENABLE_OBJC_ARC = YES;
				CLANG_WARN_BOOL_CONVERSION = YES;
				CLANG_WARN_CONSTANT_CONVERSION = YES;
				CLANG_WARN_DIRECT_OBJC_ISA_USAGE = YES_ERROR;
				CLANG_WARN_DOCUMENTATION_COMMENTS = YES;
				CLANG_WARN_EMPTY_BODY = YES;
				CLANG_WARN_ENUM_CONVERSION = YES;
				CLANG_WARN_INFINITE_RECURSION = YES;
				CLANG_WARN_INT_CONVERSION = YES;
				CLANG_WARN_OBJC_ROOT_CLASS = YES_ERROR;
				CLANG_WARN_SUSPICIOUS_MOVE = YES;
				CLANG_WARN_UNREACHABLE_CODE = YES;
				CLANG_WARN__DUPLICATE_METHOD_MATCH = YES;
				"CODE_SIGN_IDENTITY[sdk=iphoneos*]" = "iPhone Developer";
				COPY_PHASE_STRIP = NO;
				DEBUG_INFORMATION_FORMAT = "dwarf-with-dsym";
				ENABLE_NS_ASSERTIONS = NO;
				ENABLE_STRICT_OBJC_MSGSEND = YES;
				GCC_C_LANGUAGE_STANDARD = gnu99;
				GCC_NO_COMMON_BLOCKS = YES;
				GCC_WARN_64_TO_32_BIT_CONVERSION = YES;
				GCC_WARN_ABOUT_RETURN_TYPE = YES_ERROR;
				GCC_WARN_UNDECLARED_SELECTOR = YES;
				GCC_WARN_UNINITIALIZED_AUTOS = YES_AGGRESSIVE;
				GCC_WARN_UNUSED_FUNCTION = YES;
				GCC_WARN_UNUSED_VARIABLE = YES;
				IPHONEOS_DEPLOYMENT_TARGET = 10.3;
				MTL_ENABLE_DEBUG_INFO = NO;
				SDKROOT = iphoneos;
				SWIFT_OPTIMIZATION_LEVEL = "-Owholemodule";
				VALIDATE_PRODUCT = YES;
			};
			name = Release;
		};
		44D943231EE22865004EF6A3 /* Debug */ = {
			isa = XCBuildConfiguration;
			buildSettings = {
				ASSETCATALOG_COMPILER_APPICON_NAME = AppIcon;
				"CODE_SIGN_IDENTITY[sdk=iphoneos*]" = "iPhone Developer";
				DEVELOPMENT_TEAM = "";
				FRAMEWORK_SEARCH_PATHS = (
					"$(inherited)",
					"$(PROJECT_DIR)/Carthage/Build/iOS",
				);
				INFOPLIST_FILE = MovieSanctuary/Info.plist;
				IPHONEOS_DEPLOYMENT_TARGET = 9.0;
				LD_RUNPATH_SEARCH_PATHS = "$(inherited) @executable_path/Frameworks";
				PRODUCT_BUNDLE_IDENTIFIER = com.masa.MovieSanctuary;
				PRODUCT_NAME = "$(TARGET_NAME)";
				PROVISIONING_PROFILE = "";
				PROVISIONING_PROFILE_SPECIFIER = "";
				SWIFT_VERSION = 3.0;
				SWIFT_WHOLE_MODULE_OPTIMIZATION = YES;
				TARGETED_DEVICE_FAMILY = 1;
			};
			name = Debug;
		};
		44D943241EE22865004EF6A3 /* Release */ = {
			isa = XCBuildConfiguration;
			buildSettings = {
				ASSETCATALOG_COMPILER_APPICON_NAME = AppIcon;
				"CODE_SIGN_IDENTITY[sdk=iphoneos*]" = "iPhone Developer";
				DEVELOPMENT_TEAM = "";
				FRAMEWORK_SEARCH_PATHS = (
					"$(inherited)",
					"$(PROJECT_DIR)/Carthage/Build/iOS",
				);
				INFOPLIST_FILE = MovieSanctuary/Info.plist;
				IPHONEOS_DEPLOYMENT_TARGET = 9.0;
				LD_RUNPATH_SEARCH_PATHS = "$(inherited) @executable_path/Frameworks";
				PRODUCT_BUNDLE_IDENTIFIER = com.masa.MovieSanctuary;
				PRODUCT_NAME = "$(TARGET_NAME)";
				PROVISIONING_PROFILE = "";
				PROVISIONING_PROFILE_SPECIFIER = "";
				SWIFT_VERSION = 3.0;
				SWIFT_WHOLE_MODULE_OPTIMIZATION = YES;
				TARGETED_DEVICE_FAMILY = 1;
			};
			name = Release;
		};
/* End XCBuildConfiguration section */

/* Begin XCConfigurationList section */
		44D9430B1EE22865004EF6A3 /* Build configuration list for PBXProject "MovieSanctuary" */ = {
			isa = XCConfigurationList;
			buildConfigurations = (
				44D943201EE22865004EF6A3 /* Debug */,
				44D943211EE22865004EF6A3 /* Release */,
			);
			defaultConfigurationIsVisible = 0;
			defaultConfigurationName = Release;
		};
		44D943221EE22865004EF6A3 /* Build configuration list for PBXNativeTarget "MovieSanctuary" */ = {
			isa = XCConfigurationList;
			buildConfigurations = (
				44D943231EE22865004EF6A3 /* Debug */,
				44D943241EE22865004EF6A3 /* Release */,
			);
			defaultConfigurationIsVisible = 0;
			defaultConfigurationName = Release;
		};
/* End XCConfigurationList section */
	};
	rootObject = 44D943081EE22865004EF6A3 /* Project object */;
}
